Microsoft Visual Studio Solution File, Format Version 12.00
# Visual Studio 2012
Project("{FAE04EC0-301F-11D3-BF4B-00C04F79EFBC}") = "GMTK2024ZL", "GMTK2024ZL.csproj", "{C9E4E437-6FE5-4766-B6B5-04087DB5700B}"
EndProject
Global
	GlobalSection(SolutionConfigurationPlatforms) = preSolution
	Debug|Any CPU = Debug|Any CPU
	ExportDebug|Any CPU = ExportDebug|Any CPU
	ExportRelease|Any CPU = ExportRelease|Any CPU
	EndGlobalSection
	GlobalSection(ProjectConfigurationPlatforms) = postSolution
		{C9E4E437-6FE5-4766-B6B5-04087DB5700B}.Debug|Any CPU.ActiveCfg = Debug|Any CPU
		{C9E4E437-6FE5-4766-B6B5-04087DB5700B}.Debug|Any CPU.Build.0 = Debug|Any CPU
		{C9E4E437-6FE5-4766-B6B5-04087DB5700B}.ExportDebug|Any CPU.ActiveCfg = ExportDebug|Any CPU
		{C9E4E437-6FE5-4766-B6B5-04087DB5700B}.ExportDebug|Any CPU.Build.0 = ExportDebug|Any CPU
		{C9E4E437-6FE5-4766-B6B5-04087DB5700B}.ExportRelease|Any CPU.ActiveCfg = ExportRelease|Any CPU
		{C9E4E437-6FE5-4766-B6B5-04087DB5700B}.ExportRelease|Any CPU.Build.0 = ExportRelease|Any CPU
	EndGlobalSection
EndGlobal
